// !$*UTF8*$!
{
	archiveVersion = 1;
	classes = {
	};
	objectVersion = 56;
	objects = {

/* Begin PBXBuildFile section */
		7A093D6C2A1D5C2800955EFF /* AppDelegate.swift in Sources */ = {isa = PBXBuildFile; fileRef = 7A093D6B2A1D5C2800955EFF /* AppDelegate.swift */; };
		7A093D6E2A1D5C2800955EFF /* SceneDelegate.swift in Sources */ = {isa = PBXBuildFile; fileRef = 7A093D6D2A1D5C2800955EFF /* SceneDelegate.swift */; };
		7A093D702A1D5C2800955EFF /* ViewController.swift in Sources */ = {isa = PBXBuildFile; fileRef = 7A093D6F2A1D5C2800955EFF /* ViewController.swift */; };
		7A093D732A1D5C2800955EFF /* Main.storyboard in Resources */ = {isa = PBXBuildFile; fileRef = 7A093D712A1D5C2800955EFF /* Main.storyboard */; };
		7A093D752A1D5C2900955EFF /* Assets.xcassets in Resources */ = {isa = PBXBuildFile; fileRef = 7A093D742A1D5C2900955EFF /* Assets.xcassets */; };
		7A093D782A1D5C2900955EFF /* LaunchScreen.storyboard in Resources */ = {isa = PBXBuildFile; fileRef = 7A093D762A1D5C2900955EFF /* LaunchScreen.storyboard */; };
		7A093D832A1D5C2900955EFF /* PosTrueTests.swift in Sources */ = {isa = PBXBuildFile; fileRef = 7A093D822A1D5C2900955EFF /* PosTrueTests.swift */; };
		7A093D8D2A1D5C2900955EFF /* PosTrueUITests.swift in Sources */ = {isa = PBXBuildFile; fileRef = 7A093D8C2A1D5C2900955EFF /* PosTrueUITests.swift */; };
		7A093D8F2A1D5C2900955EFF /* PosTrueUITestsLaunchTests.swift in Sources */ = {isa = PBXBuildFile; fileRef = 7A093D8E2A1D5C2900955EFF /* PosTrueUITestsLaunchTests.swift */; };
/* End PBXBuildFile section */

/* Begin PBXContainerItemProxy section */
		7A093D7F2A1D5C2900955EFF /* PBXContainerItemProxy */ = {
			isa = PBXContainerItemProxy;
			containerPortal = 7A093D602A1D5C2800955EFF /* Project object */;
			proxyType = 1;
			remoteGlobalIDString = 7A093D672A1D5C2800955EFF;
			remoteInfo = PosTrue;
		};
		7A093D892A1D5C2900955EFF /* PBXContainerItemProxy */ = {
			isa = PBXContainerItemProxy;
			containerPortal = 7A093D602A1D5C2800955EFF /* Project object */;
			proxyType = 1;
			remoteGlobalIDString = 7A093D672A1D5C2800955EFF;
			remoteInfo = PosTrue;
		};
/* End PBXContainerItemProxy section */

/* Begin PBXFileReference section */
		7A093D682A1D5C2800955EFF /* PosTrue.app */ = {isa = PBXFileReference; explicitFileType = wrapper.application; includeInIndex = 0; path = PosTrue.app; sourceTree = BUILT_PRODUCTS_DIR; };
		7A093D6B2A1D5C2800955EFF /* AppDelegate.swift */ = {isa = PBXFileReference; lastKnownFileType = sourcecode.swift; path = AppDelegate.swift; sourceTree = "<group>"; };
		7A093D6D2A1D5C2800955EFF /* SceneDelegate.swift */ = {isa = PBXFileReference; lastKnownFileType = sourcecode.swift; path = SceneDelegate.swift; sourceTree = "<group>"; };
		7A093D6F2A1D5C2800955EFF /* ViewController.swift */ = {isa = PBXFileReference; lastKnownFileType = sourcecode.swift; path = ViewController.swift; sourceTree = "<group>"; };
		7A093D722A1D5C2800955EFF /* Base */ = {isa = PBXFileReference; lastKnownFileType = file.storyboard; name = Base; path = Base.lproj/Main.storyboard; sourceTree = "<group>"; };
		7A093D742A1D5C2900955EFF /* Assets.xcassets */ = {isa = PBXFileReference; lastKnownFileType = folder.assetcatalog; path = Assets.xcassets; sourceTree = "<group>"; };
		7A093D772A1D5C2900955EFF /* Base */ = {isa = PBXFileReference; lastKnownFileType = file.storyboard; name = Base; path = Base.lproj/LaunchScreen.storyboard; sourceTree = "<group>"; };
		7A093D792A1D5C2900955EFF /* Info.plist */ = {isa = PBXFileReference; lastKnownFileType = text.plist.xml; path = Info.plist; sourceTree = "<group>"; };
		7A093D7E2A1D5C2900955EFF /* PosTrueTests.xctest */ = {isa = PBXFileReference; explicitFileType = wrapper.cfbundle; includeInIndex = 0; path = PosTrueTests.xctest; sourceTree = BUILT_PRODUCTS_DIR; };
		7A093D822A1D5C2900955EFF /* PosTrueTests.swift */ = {isa = PBXFileReference; lastKnownFileType = sourcecode.swift; path = PosTrueTests.swift; sourceTree = "<group>"; };
		7A093D882A1D5C2900955EFF /* PosTrueUITests.xctest */ = {isa = PBXFileReference; explicitFileType = wrapper.cfbundle; includeInIndex = 0; path = PosTrueUITests.xctest; sourceTree = BUILT_PRODUCTS_DIR; };
		7A093D8C2A1D5C2900955EFF /* PosTrueUITests.swift */ = {isa = PBXFileReference; lastKnownFileType = sourcecode.swift; path = PosTrueUITests.swift; sourceTree = "<group>"; };
		7A093D8E2A1D5C2900955EFF /* PosTrueUITestsLaunchTests.swift */ = {isa = PBXFileReference; lastKnownFileType = sourcecode.swift; path = PosTrueUITestsLaunchTests.swift; sourceTree = "<group>"; };
/* End PBXFileReference section */

/* Begin PBXFrameworksBuildPhase section */
		7A093D652A1D5C2800955EFF /* Frameworks */ = {
			isa = PBXFrameworksBuildPhase;
			buildActionMask = 2147483647;
			files = (
			);
			runOnlyForDeploymentPostprocessing = 0;
		};
		7A093D7B2A1D5C2900955EFF /* Frameworks */ = {
			isa = PBXFrameworksBuildPhase;
			buildActionMask = 2147483647;
			files = (
			);
			runOnlyForDeploymentPostprocessing = 0;
		};
		7A093D852A1D5C2900955EFF /* Frameworks */ = {
			isa = PBXFrameworksBuildPhase;
			buildActionMask = 2147483647;
			files = (
			);
			runOnlyForDeploymentPostprocessing = 0;
		};
/* End PBXFrameworksBuildPhase section */

/* Begin PBXGroup section */
		7A093D5F2A1D5C2800955EFF = {
			isa = PBXGroup;
			children = (
				7A093D6A2A1D5C2800955EFF /* PosTrue */,
				7A093D812A1D5C2900955EFF /* PosTrueTests */,
				7A093D8B2A1D5C2900955EFF /* PosTrueUITests */,
				7A093D692A1D5C2800955EFF /* Products */,
			);
			sourceTree = "<group>";
		};
		7A093D692A1D5C2800955EFF /* Products */ = {
			isa = PBXGroup;
			children = (
				7A093D682A1D5C2800955EFF /* PosTrue.app */,
				7A093D7E2A1D5C2900955EFF /* PosTrueTests.xctest */,
				7A093D882A1D5C2900955EFF /* PosTrueUITests.xctest */,
			);
			name = Products;
			sourceTree = "<group>";
		};
		7A093D6A2A1D5C2800955EFF /* PosTrue */ = {
			isa = PBXGroup;
			children = (
				7A093D6B2A1D5C2800955EFF /* AppDelegate.swift */,
				7A093D6D2A1D5C2800955EFF /* SceneDelegate.swift */,
				7A093D6F2A1D5C2800955EFF /* ViewController.swift */,
				7A093D712A1D5C2800955EFF /* Main.storyboard */,
				7A093D742A1D5C2900955EFF /* Assets.xcassets */,
				7A093D762A1D5C2900955EFF /* LaunchScreen.storyboard */,
				7A093D792A1D5C2900955EFF /* Info.plist */,
			);
			path = PosTrue;
			sourceTree = "<group>";
		};
		7A093D812A1D5C2900955EFF /* PosTrueTests */ = {
			isa = PBXGroup;
			children = (
				7A093D822A1D5C2900955EFF /* PosTrueTests.swift */,
			);
			path = PosTrueTests;
			sourceTree = "<group>";
		};
		7A093D8B2A1D5C2900955EFF /* PosTrueUITests */ = {
			isa = PBXGroup;
			children = (
				7A093D8C2A1D5C2900955EFF /* PosTrueUITests.swift */,
				7A093D8E2A1D5C2900955EFF /* PosTrueUITestsLaunchTests.swift */,
			);
			path = PosTrueUITests;
			sourceTree = "<group>";
		};
/* End PBXGroup section */

/* Begin PBXNativeTarget section */
		7A093D672A1D5C2800955EFF /* PosTrue */ = {
			isa = PBXNativeTarget;
			buildConfigurationList = 7A093D922A1D5C2900955EFF /* Build configuration list for PBXNativeTarget "PosTrue" */;
			buildPhases = (
				7A093D642A1D5C2800955EFF /* Sources */,
				7A093D652A1D5C2800955EFF /* Frameworks */,
				7A093D662A1D5C2800955EFF /* Resources */,
			);
			buildRules = (
			);
			dependencies = (
			);
			name = PosTrue;
			productName = PosTrue;
			productReference = 7A093D682A1D5C2800955EFF /* PosTrue.app */;
			productType = "com.apple.product-type.application";
		};
		7A093D7D2A1D5C2900955EFF /* PosTrueTests */ = {
			isa = PBXNativeTarget;
			buildConfigurationList = 7A093D952A1D5C2900955EFF /* Build configuration list for PBXNativeTarget "PosTrueTests" */;
			buildPhases = (
				7A093D7A2A1D5C2900955EFF /* Sources */,
				7A093D7B2A1D5C2900955EFF /* Frameworks */,
				7A093D7C2A1D5C2900955EFF /* Resources */,
			);
			buildRules = (
			);
			dependencies = (
				7A093D802A1D5C2900955EFF /* PBXTargetDependency */,
			);
			name = PosTrueTests;
			productName = PosTrueTests;
			productReference = 7A093D7E2A1D5C2900955EFF /* PosTrueTests.xctest */;
			productType = "com.apple.product-type.bundle.unit-test";
		};
		7A093D872A1D5C2900955EFF /* PosTrueUITests */ = {
			isa = PBXNativeTarget;
			buildConfigurationList = 7A093D982A1D5C2900955EFF /* Build configuration list for PBXNativeTarget "PosTrueUITests" */;
			buildPhases = (
				7A093D842A1D5C2900955EFF /* Sources */,
				7A093D852A1D5C2900955EFF /* Frameworks */,
				7A093D862A1D5C2900955EFF /* Resources */,
			);
			buildRules = (
			);
			dependencies = (
				7A093D8A2A1D5C2900955EFF /* PBXTargetDependency */,
			);
			name = PosTrueUITests;
			productName = PosTrueUITests;
			productReference = 7A093D882A1D5C2900955EFF /* PosTrueUITests.xctest */;
			productType = "com.apple.product-type.bundle.ui-testing";
		};
/* End PBXNativeTarget section */

/* Begin PBXProject section */
		7A093D602A1D5C2800955EFF /* Project object */ = {
			isa = PBXProject;
			attributes = {
				BuildIndependentTargetsInParallel = 1;
				LastSwiftUpdateCheck = 1420;
				LastUpgradeCheck = 1420;
				TargetAttributes = {
					7A093D672A1D5C2800955EFF = {
						CreatedOnToolsVersion = 14.2;
					};
					7A093D7D2A1D5C2900955EFF = {
						CreatedOnToolsVersion = 14.2;
						TestTargetID = 7A093D672A1D5C2800955EFF;
					};
					7A093D872A1D5C2900955EFF = {
						CreatedOnToolsVersion = 14.2;
						TestTargetID = 7A093D672A1D5C2800955EFF;
					};
				};
			};
			buildConfigurationList = 7A093D632A1D5C2800955EFF /* Build configuration list for PBXProject "PosTrue" */;
			compatibilityVersion = "Xcode 14.0";
			developmentRegion = en;
			hasScannedForEncodings = 0;
			knownRegions = (
				en,
				Base,
			);
			mainGroup = 7A093D5F2A1D5C2800955EFF;
			productRefGroup = 7A093D692A1D5C2800955EFF /* Products */;
			projectDirPath = "";
			projectRoot = "";
			targets = (
				7A093D672A1D5C2800955EFF /* PosTrue */,
				7A093D7D2A1D5C2900955EFF /* PosTrueTests */,
				7A093D872A1D5C2900955EFF /* PosTrueUITests */,
			);
		};
/* End PBXProject section */

/* Begin PBXResourcesBuildPhase section */
		7A093D662A1D5C2800955EFF /* Resources */ = {
			isa = PBXResourcesBuildPhase;
			buildActionMask = 2147483647;
			files = (
				7A093D782A1D5C2900955EFF /* LaunchScreen.storyboard in Resources */,
				7A093D752A1D5C2900955EFF /* Assets.xcassets in Resources */,
				7A093D732A1D5C2800955EFF /* Main.storyboard in Resources */,
			);
			runOnlyForDeploymentPostprocessing = 0;
		};
		7A093D7C2A1D5C2900955EFF /* Resources */ = {
			isa = PBXResourcesBuildPhase;
			buildActionMask = 2147483647;
			files = (
			);
			runOnlyForDeploymentPostprocessing = 0;
		};
		7A093D862A1D5C2900955EFF /* Resources */ = {
			isa = PBXResourcesBuildPhase;
			buildActionMask = 2147483647;
			files = (
			);
			runOnlyForDeploymentPostprocessing = 0;
		};
/* End PBXResourcesBuildPhase section */

/* Begin PBXSourcesBuildPhase section */
		7A093D642A1D5C2800955EFF /* Sources */ = {
			isa = PBXSourcesBuildPhase;
			buildActionMask = 2147483647;
			files = (
				7A093D702A1D5C2800955EFF /* ViewController.swift in Sources */,
				7A093D6C2A1D5C2800955EFF /* AppDelegate.swift in Sources */,
				7A093D6E2A1D5C2800955EFF /* SceneDelegate.swift in Sources */,
			);
			runOnlyForDeploymentPostprocessing = 0;
		};
		7A093D7A2A1D5C2900955EFF /* Sources */ = {
			isa = PBXSourcesBuildPhase;
			buildActionMask = 2147483647;
			files = (
				7A093D832A1D5C2900955EFF /* PosTrueTests.swift in Sources */,
			);
			runOnlyForDeploymentPostprocessing = 0;
		};
		7A093D842A1D5C2900955EFF /* Sources */ = {
			isa = PBXSourcesBuildPhase;
			buildActionMask = 2147483647;
			files = (
				7A093D8D2A1D5C2900955EFF /* PosTrueUITests.swift in Sources */,
				7A093D8F2A1D5C2900955EFF /* PosTrueUITestsLaunchTests.swift in Sources */,
			);
			runOnlyForDeploymentPostprocessing = 0;
		};
/* End PBXSourcesBuildPhase section */

/* Begin PBXTargetDependency section */
		7A093D802A1D5C2900955EFF /* PBXTargetDependency */ = {
			isa = PBXTargetDependency;
			target = 7A093D672A1D5C2800955EFF /* PosTrue */;
			targetProxy = 7A093D7F2A1D5C2900955EFF /* PBXContainerItemProxy */;
		};
		7A093D8A2A1D5C2900955EFF /* PBXTargetDependency */ = {
			isa = PBXTargetDependency;
			target = 7A093D672A1D5C2800955EFF /* PosTrue */;
			targetProxy = 7A093D892A1D5C2900955EFF /* PBXContainerItemProxy */;
		};
/* End PBXTargetDependency section */

/* Begin PBXVariantGroup section */
		7A093D712A1D5C2800955EFF /* Main.storyboard */ = {
			isa = PBXVariantGroup;
			children = (
				7A093D722A1D5C2800955EFF /* Base */,
			);
			name = Main.storyboard;
			sourceTree = "<group>";
		};
		7A093D762A1D5C2900955EFF /* LaunchScreen.storyboard */ = {
			isa = PBXVariantGroup;
			children = (
				7A093D772A1D5C2900955EFF /* Base */,
			);
			name = LaunchScreen.storyboard;
			sourceTree = "<group>";
		};
/* End PBXVariantGroup section */

/* Begin XCBuildConfiguration section */
		7A093D902A1D5C2900955EFF /* Debug */ = {
			isa = XCBuildConfiguration;
			buildSettings = {
				ALWAYS_SEARCH_USER_PATHS = NO;
				CLANG_ANALYZER_NONNULL = YES;
				CLANG_ANALYZER_NUMBER_OBJECT_CONVERSION = YES_AGGRESSIVE;
				CLANG_CXX_LANGUAGE_STANDARD = "gnu++20";
				CLANG_ENABLE_MODULES = YES;
				CLANG_ENABLE_OBJC_ARC = YES;
				CLANG_ENABLE_OBJC_WEAK = YES;
				CLANG_WARN_BLOCK_CAPTURE_AUTORELEASING = YES;
				CLANG_WARN_BOOL_CONVERSION = YES;
				CLANG_WARN_COMMA = YES;
				CLANG_WARN_CONSTANT_CONVERSION = YES;
				CLANG_WARN_DEPRECATED_OBJC_IMPLEMENTATIONS = YES;
				CLANG_WARN_DIRECT_OBJC_ISA_USAGE = YES_ERROR;
				CLANG_WARN_DOCUMENTATION_COMMENTS = YES;
				CLANG_WARN_EMPTY_BODY = YES;
				CLANG_WARN_ENUM_CONVERSION = YES;
				CLANG_WARN_INFINITE_RECURSION = YES;
				CLANG_WARN_INT_CONVERSION = YES;
				CLANG_WARN_NON_LITERAL_NULL_CONVERSION = YES;
				CLANG_WARN_OBJC_IMPLICIT_RETAIN_SELF = YES;
				CLANG_WARN_OBJC_LITERAL_CONVERSION = YES;
				CLANG_WARN_OBJC_ROOT_CLASS = YES_ERROR;
				CLANG_WARN_QUOTED_INCLUDE_IN_FRAMEWORK_HEADER = YES;
				CLANG_WARN_RANGE_LOOP_ANALYSIS = YES;
				CLANG_WARN_STRICT_PROTOTYPES = YES;
				CLANG_WARN_SUSPICIOUS_MOVE = YES;
				CLANG_WARN_UNGUARDED_AVAILABILITY = YES_AGGRESSIVE;
				CLANG_WARN_UNREACHABLE_CODE = YES;
				CLANG_WARN__DUPLICATE_METHOD_MATCH = YES;
				COPY_PHASE_STRIP = NO;
				DEBUG_INFORMATION_FORMAT = dwarf;
				ENABLE_STRICT_OBJC_MSGSEND = YES;
				ENABLE_TESTABILITY = YES;
				GCC_C_LANGUAGE_STANDARD = gnu11;
				GCC_DYNAMIC_NO_PIC = NO;
				GCC_NO_COMMON_BLOCKS = YES;
				GCC_OPTIMIZATION_LEVEL = 0;
				GCC_PREPROCESSOR_DEFINITIONS = (
					"DEBUG=1",
					"$(inherited)",
				);
				GCC_WARN_64_TO_32_BIT_CONVERSION = YES;
				GCC_WARN_ABOUT_RETURN_TYPE = YES_ERROR;
				GCC_WARN_UNDECLARED_SELECTOR = YES;
				GCC_WARN_UNINITIALIZED_AUTOS = YES_AGGRESSIVE;
				GCC_WARN_UNUSED_FUNCTION = YES;
				GCC_WARN_UNUSED_VARIABLE = YES;
				IPHONEOS_DEPLOYMENT_TARGET = 16.2;
				MTL_ENABLE_DEBUG_INFO = INCLUDE_SOURCE;
				MTL_FAST_MATH = YES;
				ONLY_ACTIVE_ARCH = YES;
				SDKROOT = iphoneos;
				SWIFT_ACTIVE_COMPILATION_CONDITIONS = DEBUG;
				SWIFT_OPTIMIZATION_LEVEL = "-Onone";
			};
			name = Debug;
		};
		7A093D912A1D5C2900955EFF /* Release */ = {
			isa = XCBuildConfiguration;
			buildSettings = {
				ALWAYS_SEARCH_USER_PATHS = NO;
				CLANG_ANALYZER_NONNULL = YES;
				CLANG_ANALYZER_NUMBER_OBJECT_CONVERSION = YES_AGGRESSIVE;
				CLANG_CXX_LANGUAGE_STANDARD = "gnu++20";
				CLANG_ENABLE_MODULES = YES;
				CLANG_ENABLE_OBJC_ARC = YES;
				CLANG_ENABLE_OBJC_WEAK = YES;
				CLANG_WARN_BLOCK_CAPTURE_AUTORELEASING = YES;
				CLANG_WARN_BOOL_CONVERSION = YES;
				CLANG_WARN_COMMA = YES;
				CLANG_WARN_CONSTANT_CONVERSION = YES;
				CLANG_WARN_DEPRECATED_OBJC_IMPLEMENTATIONS = YES;
				CLANG_WARN_DIRECT_OBJC_ISA_USAGE = YES_ERROR;
				CLANG_WARN_DOCUMENTATION_COMMENTS = YES;
				CLANG_WARN_EMPTY_BODY = YES;
				CLANG_WARN_ENUM_CONVERSION = YES;
				CLANG_WARN_INFINITE_RECURSION = YES;
				CLANG_WARN_INT_CONVERSION = YES;
				CLANG_WARN_NON_LITERAL_NULL_CONVERSION = YES;
				CLANG_WARN_OBJC_IMPLICIT_RETAIN_SELF = YES;
				CLANG_WARN_OBJC_LITERAL_CONVERSION = YES;
				CLANG_WARN_OBJC_ROOT_CLASS = YES_ERROR;
				CLANG_WARN_QUOTED_INCLUDE_IN_FRAMEWORK_HEADER = YES;
				CLANG_WARN_RANGE_LOOP_ANALYSIS = YES;
				CLANG_WARN_STRICT_PROTOTYPES = YES;
				CLANG_WARN_SUSPICIOUS_MOVE = YES;
				CLANG_WARN_UNGUARDED_AVAILABILITY = YES_AGGRESSIVE;
				CLANG_WARN_UNREACHABLE_CODE = YES;
				CLANG_WARN__DUPLICATE_METHOD_MATCH = YES;
				COPY_PHASE_STRIP = NO;
				DEBUG_INFORMATION_FORMAT = "dwarf-with-dsym";
				ENABLE_NS_ASSERTIONS = NO;
				ENABLE_STRICT_OBJC_MSGSEND = YES;
				GCC_C_LANGUAGE_STANDARD = gnu11;
				GCC_NO_COMMON_BLOCKS = YES;
				GCC_WARN_64_TO_32_BIT_CONVERSION = YES;
				GCC_WARN_ABOUT_RETURN_TYPE = YES_ERROR;
				GCC_WARN_UNDECLARED_SELECTOR = YES;
				GCC_WARN_UNINITIALIZED_AUTOS = YES_AGGRESSIVE;
				GCC_WARN_UNUSED_FUNCTION = YES;
				GCC_WARN_UNUSED_VARIABLE = YES;
				IPHONEOS_DEPLOYMENT_TARGET = 16.2;
				MTL_ENABLE_DEBUG_INFO = NO;
				MTL_FAST_MATH = YES;
				SDKROOT = iphoneos;
				SWIFT_COMPILATION_MODE = wholemodule;
				SWIFT_OPTIMIZATION_LEVEL = "-O";
				VALIDATE_PRODUCT = YES;
			};
			name = Release;
		};
		7A093D932A1D5C2900955EFF /* Debug */ = {
			isa = XCBuildConfiguration;
			buildSettings = {
				ASSETCATALOG_COMPILER_APPICON_NAME = AppIcon;
				ASSETCATALOG_COMPILER_GLOBAL_ACCENT_COLOR_NAME = AccentColor;
				CODE_SIGN_STYLE = Automatic;
				CURRENT_PROJECT_VERSION = 1;
				DEVELOPMENT_TEAM = 3CP877SY3Y;
				GENERATE_INFOPLIST_FILE = YES;
				INFOPLIST_FILE = PosTrue/Info.plist;
				INFOPLIST_KEY_UIApplicationSupportsIndirectInputEvents = YES;
				INFOPLIST_KEY_UILaunchStoryboardName = LaunchScreen;
				INFOPLIST_KEY_UIMainStoryboardFile = Main;
				INFOPLIST_KEY_UISupportedInterfaceOrientations_iPad = "UIInterfaceOrientationPortrait UIInterfaceOrientationPortraitUpsideDown UIInterfaceOrientationLandscapeLeft UIInterfaceOrientationLandscapeRight";
				INFOPLIST_KEY_UISupportedInterfaceOrientations_iPhone = "UIInterfaceOrientationPortrait UIInterfaceOrientationLandscapeLeft UIInterfaceOrientationLandscapeRight";
				LD_RUNPATH_SEARCH_PATHS = (
					"$(inherited)",
					"@executable_path/Frameworks",
				);
				MARKETING_VERSION = 1.0;
				PRODUCT_BUNDLE_IDENTIFIER = "com.asiyah-awais.PosTrue";
				PRODUCT_NAME = "$(TARGET_NAME)";
				SWIFT_EMIT_LOC_STRINGS = YES;
				SWIFT_VERSION = 5.0;
				TARGETED_DEVICE_FAMILY = "1,2";
			};
			name = Debug;
		};
		7A093D942A1D5C2900955EFF /* Release */ = {
			isa = XCBuildConfiguration;
			buildSettings = {
				ASSETCATALOG_COMPILER_APPICON_NAME = AppIcon;
				ASSETCATALOG_COMPILER_GLOBAL_ACCENT_COLOR_NAME = AccentColor;
				CODE_SIGN_STYLE = Automatic;
				CURRENT_PROJECT_VERSION = 1;
				DEVELOPMENT_TEAM = 3CP877SY3Y;
				GENERATE_INFOPLIST_FILE = YES;
				INFOPLIST_FILE = PosTrue/Info.plist;
				INFOPLIST_KEY_UIApplicationSupportsIndirectInputEvents = YES;
				INFOPLIST_KEY_UILaunchStoryboardName = LaunchScreen;
				INFOPLIST_KEY_UIMainStoryboardFile = Main;
				INFOPLIST_KEY_UISupportedInterfaceOrientations_iPad = "UIInterfaceOrientationPortrait UIInterfaceOrientationPortraitUpsideDown UIInterfaceOrientationLandscapeLeft UIInterfaceOrientationLandscapeRight";
				INFOPLIST_KEY_UISupportedInterfaceOrientations_iPhone = "UIInterfaceOrientationPortrait UIInterfaceOrientationLandscapeLeft UIInterfaceOrientationLandscapeRight";
				LD_RUNPATH_SEARCH_PATHS = (
					"$(inherited)",
					"@executable_path/Frameworks",
				);
				MARKETING_VERSION = 1.0;
				PRODUCT_BUNDLE_IDENTIFIER = "com.asiyah-awais.PosTrue";
				PRODUCT_NAME = "$(TARGET_NAME)";
				SWIFT_EMIT_LOC_STRINGS = YES;
				SWIFT_VERSION = 5.0;
				TARGETED_DEVICE_FAMILY = "1,2";
			};
			name = Release;
		};
		7A093D962A1D5C2900955EFF /* Debug */ = {
			isa = XCBuildConfiguration;
			buildSettings = {
				ALWAYS_EMBED_SWIFT_STANDARD_LIBRARIES = YES;
				BUNDLE_LOADER = "$(TEST_HOST)";
				CODE_SIGN_STYLE = Automatic;
				CURRENT_PROJECT_VERSION = 1;
				DEVELOPMENT_TEAM = 3CP877SY3Y;
				GENERATE_INFOPLIST_FILE = YES;
				IPHONEOS_DEPLOYMENT_TARGET = 16.2;
				MARKETING_VERSION = 1.0;
				PRODUCT_BUNDLE_IDENTIFIER = "com.asiyah-awais.PosTrueTests";
				PRODUCT_NAME = "$(TARGET_NAME)";
				SWIFT_EMIT_LOC_STRINGS = NO;
				SWIFT_VERSION = 5.0;
				TARGETED_DEVICE_FAMILY = "1,2";
				TEST_HOST = "$(BUILT_PRODUCTS_DIR)/PosTrue.app/$(BUNDLE_EXECUTABLE_FOLDER_PATH)/PosTrue";
			};
			name = Debug;
		};
		7A093D972A1D5C2900955EFF /* Release */ = {
			isa = XCBuildConfiguration;
			buildSettings = {
				ALWAYS_EMBED_SWIFT_STANDARD_LIBRARIES = YES;
				BUNDLE_LOADER = "$(TEST_HOST)";
				CODE_SIGN_STYLE = Automatic;
				CURRENT_PROJECT_VERSION = 1;
				DEVELOPMENT_TEAM = 3CP877SY3Y;
				GENERATE_INFOPLIST_FILE = YES;
				IPHONEOS_DEPLOYMENT_TARGET = 16.2;
				MARKETING_VERSION = 1.0;
				PRODUCT_BUNDLE_IDENTIFIER = "com.asiyah-awais.PosTrueTests";
				PRODUCT_NAME = "$(TARGET_NAME)";
				SWIFT_EMIT_LOC_STRINGS = NO;
				SWIFT_VERSION = 5.0;
				TARGETED_DEVICE_FAMILY = "1,2";
				TEST_HOST = "$(BUILT_PRODUCTS_DIR)/PosTrue.app/$(BUNDLE_EXECUTABLE_FOLDER_PATH)/PosTrue";
			};
			name = Release;
		};
		7A093D992A1D5C2900955EFF /* Debug */ = {
			isa = XCBuildConfiguration;
			buildSettings = {
				ALWAYS_EMBED_SWIFT_STANDARD_LIBRARIES = YES;
				CODE_SIGN_STYLE = Automatic;
				CURRENT_PROJECT_VERSION = 1;
				DEVELOPMENT_TEAM = 3CP877SY3Y;
				GENERATE_INFOPLIST_FILE = YES;
				MARKETING_VERSION = 1.0;
				PRODUCT_BUNDLE_IDENTIFIER = "com.asiyah-awais.PosTrueUITests";
				PRODUCT_NAME = "$(TARGET_NAME)";
				SWIFT_EMIT_LOC_STRINGS = NO;
				SWIFT_VERSION = 5.0;
				TARGETED_DEVICE_FAMILY = "1,2";
				TEST_TARGET_NAME = PosTrue;
			};
			name = Debug;
		};
		7A093D9A2A1D5C2900955EFF /* Release */ = {
			isa = XCBuildConfiguration;
			buildSettings = {
				ALWAYS_EMBED_SWIFT_STANDARD_LIBRARIES = YES;
				CODE_SIGN_STYLE = Automatic;
				CURRENT_PROJECT_VERSION = 1;
				DEVELOPMENT_TEAM = 3CP877SY3Y;
				GENERATE_INFOPLIST_FILE = YES;
				MARKETING_VERSION = 1.0;
				PRODUCT_BUNDLE_IDENTIFIER = "com.asiyah-awais.PosTrueUITests";
				PRODUCT_NAME = "$(TARGET_NAME)";
				SWIFT_EMIT_LOC_STRINGS = NO;
				SWIFT_VERSION = 5.0;
				TARGETED_DEVICE_FAMILY = "1,2";
				TEST_TARGET_NAME = PosTrue;
			};
			name = Release;
		};
/* End XCBuildConfiguration section */

/* Begin XCConfigurationList section */
		7A093D632A1D5C2800955EFF /* Build configuration list for PBXProject "PosTrue" */ = {
			isa = XCConfigurationList;
			buildConfigurations = (
				7A093D902A1D5C2900955EFF /* Debug */,
				7A093D912A1D5C2900955EFF /* Release */,
			);
			defaultConfigurationIsVisible = 0;
			defaultConfigurationName = Release;
		};
		7A093D922A1D5C2900955EFF /* Build configuration list for PBXNativeTarget "PosTrue" */ = {
			isa = XCConfigurationList;
			buildConfigurations = (
				7A093D932A1D5C2900955EFF /* Debug */,
				7A093D942A1D5C2900955EFF /* Release */,
			);
			defaultConfigurationIsVisible = 0;
			defaultConfigurationName = Release;
		};
		7A093D952A1D5C2900955EFF /* Build configuration list for PBXNativeTarget "PosTrueTests" */ = {
			isa = XCConfigurationList;
			buildConfigurations = (
				7A093D962A1D5C2900955EFF /* Debug */,
				7A093D972A1D5C2900955EFF /* Release */,
			);
			defaultConfigurationIsVisible = 0;
			defaultConfigurationName = Release;
		};
		7A093D982A1D5C2900955EFF /* Build configuration list for PBXNativeTarget "PosTrueUITests" */ = {
			isa = XCConfigurationList;
			buildConfigurations = (
				7A093D992A1D5C2900955EFF /* Debug */,
				7A093D9A2A1D5C2900955EFF /* Release */,
			);
			defaultConfigurationIsVisible = 0;
			defaultConfigurationName = Release;
		};
/* End XCConfigurationList section */
	};
	rootObject = 7A093D602A1D5C2800955EFF /* Project object */;
}
